
Microsoft Visual Studio Solution File, Format Version 12.00
# Visual Studio 15
VisualStudioVersion = 15.0.28307.852
MinimumVisualStudioVersion = 10.0.40219.1
Project("{9A19103F-16F7-4668-BE54-9A1E7A4F7556}") = "bloggerweb", "bloggerweb\bloggerweb.csproj", "{AA9296E7-9B24-42FE-A5D0-21F092BA6D54}"
EndProject
Project("{9A19103F-16F7-4668-BE54-9A1E7A4F7556}") = "Bloggerweb.Repo", "Bloggerweb.Repo\Bloggerweb.Repo.csproj", "{C18FB187-CAF9-4905-9109-1227A5F8EE5E}"
EndProject
Project("{FAE04EC0-301F-11D3-BF4B-00C04F79EFBC}") = "Bloggerweb.Data", "Bloggerweb.Data\Bloggerweb.Data.csproj", "{A29679BB-5EE5-4B17-A8B1-9699C99BDAFF}"
EndProject
Project("{FAE04EC0-301F-11D3-BF4B-00C04F79EFBC}") = "Boggerweb.Service", "Boggerweb.Service\Boggerweb.Service.csproj", "{1C8ED620-CC6C-4A41-B3E8-CF10AB5864B9}"
EndProject
Global
	GlobalSection(SolutionConfigurationPlatforms) = preSolution
		Debug|Any CPU = Debug|Any CPU
		Release|Any CPU = Release|Any CPU
	EndGlobalSection
	GlobalSection(ProjectConfigurationPlatforms) = postSolution
		{AA9296E7-9B24-42FE-A5D0-21F092BA6D54}.Debug|Any CPU.ActiveCfg = Debug|Any CPU
		{AA9296E7-9B24-42FE-A5D0-21F092BA6D54}.Debug|Any CPU.Build.0 = Debug|Any CPU
		{AA9296E7-9B24-42FE-A5D0-21F092BA6D54}.Release|Any CPU.ActiveCfg = Release|Any CPU
		{AA9296E7-9B24-42FE-A5D0-21F092BA6D54}.Release|Any CPU.Build.0 = Release|Any CPU
		{C18FB187-CAF9-4905-9109-1227A5F8EE5E}.Debug|Any CPU.ActiveCfg = Debug|Any CPU
		{C18FB187-CAF9-4905-9109-1227A5F8EE5E}.Debug|Any CPU.Build.0 = Debug|Any CPU
		{C18FB187-CAF9-4905-9109-1227A5F8EE5E}.Release|Any CPU.ActiveCfg = Release|Any CPU
		{C18FB187-CAF9-4905-9109-1227A5F8EE5E}.Release|Any CPU.Build.0 = Release|Any CPU
		{A29679BB-5EE5-4B17-A8B1-9699C99BDAFF}.Debug|Any CPU.ActiveCfg = Debug|Any CPU
		{A29679BB-5EE5-4B17-A8B1-9699C99BDAFF}.Debug|Any CPU.Build.0 = Debug|Any CPU
		{A29679BB-5EE5-4B17-A8B1-9699C99BDAFF}.Release|Any CPU.ActiveCfg = Release|Any CPU
		{A29679BB-5EE5-4B17-A8B1-9699C99BDAFF}.Release|Any CPU.Build.0 = Release|Any CPU
		{1C8ED620-CC6C-4A41-B3E8-CF10AB5864B9}.Debug|Any CPU.ActiveCfg = Debug|Any CPU
		{1C8ED620-CC6C-4A41-B3E8-CF10AB5864B9}.Debug|Any CPU.Build.0 = Debug|Any CPU
		{1C8ED620-CC6C-4A41-B3E8-CF10AB5864B9}.Release|Any CPU.ActiveCfg = Release|Any CPU
		{1C8ED620-CC6C-4A41-B3E8-CF10AB5864B9}.Release|Any CPU.Build.0 = Release|Any CPU
	EndGlobalSection
	GlobalSection(SolutionProperties) = preSolution
		HideSolutionNode = FALSE
	EndGlobalSection
	GlobalSection(ExtensibilityGlobals) = postSolution
		SolutionGuid = {2C06D2A4-773E-4D16-91E0-685446658A72}
	EndGlobalSection
EndGlobal
